{
  "version": 4,
  "terraform_version": "0.15.5",
  "serial": 11,
  "lineage": "6d3a0aaa-a27c-b3b6-53da-b23ee1d6e636",
  "outputs": {
    "muting_rule_id": {
      "value": "3029157:2543437",
      "type": "string"
    }
  },
  "resources": [
    {
      "mode": "data",
      "type": "newrelic_alert_policy",
      "name": "tf_alert_policy_as_code",
      "provider": "provider[\"registry.terraform.io/newrelic/newrelic\"]",
      "instances": [
        {
          "schema_version": 0,
          "attributes": {
            "account_id": 3029157,
            "created_at": null,
            "id": "1393975",
            "incident_preference": "PER_POLICY",
            "name": "TF-Alerts-As-Code-Policy",
            "updated_at": null
          },
          "sensitive_attributes": []
        }
      ]
    },
    {
      "mode": "managed",
      "type": "newrelic_alert_muting_rule",
      "name": "tf_muting_rule",
      "provider": "provider[\"registry.terraform.io/newrelic/newrelic\"]",
      "instances": [
        {
          "schema_version": 0,
          "attributes": {
            "account_id": null,
            "condition": [
              {
                "conditions": [
                  {
                    "attribute": "policyId",
                    "operator": "EQUALS",
                    "values": [
                      "1393975"
                    ]
                  },
                  {
                    "attribute": "conditionName",
                    "operator": "EQUALS",
                    "values": [
                      "TF-Alerts-As-Code-Condition-Latency"
                    ]
                  }
                ],
                "operator": "AND"
              }
            ],
            "description": "Mute the alerts on CPU Percentage and Latency for 2 AM to 5 PM every Monday and Wednesday",
            "enabled": true,
            "id": "3029157:2543437",
            "name": "TF-MuteRule-As-Code-Condition-CPUPercent",
            "schedule": [
              {
                "end_repeat": "2021-12-31T04:00:00",
                "end_time": "2021-07-01T04:00:00",
                "repeat": "WEEKLY",
                "repeat_count": 0,
                "start_time": "2021-07-01T02:00:00",
                "time_zone": "Asia/Kolkata",
                "weekly_repeat_days": [
                  "MONDAY",
                  "WEDNESDAY"
                ]
              }
            ]
          },
          "sensitive_attributes": [],
          "private": "bnVsbA==",
          "dependencies": [
            "data.newrelic_alert_policy.tf_alert_policy_as_code"
          ]
        }
      ]
    }
  ]
}
