{
  "version": 4,
  "terraform_version": "0.15.5",
  "serial": 31,
  "lineage": "ff458c7f-f781-2f09-8cc5-8359cf5a2e2a",
  "outputs": {
    "alert_id": {
      "value": "1382982",
      "type": "string"
    }
  },
  "resources": [
    {
      "mode": "data",
      "type": "newrelic_entity",
      "name": "app_name",
      "provider": "provider[\"registry.terraform.io/newrelic/newrelic\"]",
      "instances": [
        {
          "schema_version": 0,
          "attributes": {
            "account_id": 3029157,
            "application_id": 517285192,
            "domain": "APM",
            "guid": "MzAyOTE1N3xBUE18QVBQTElDQVRJT058NTE3Mjg1MTky",
            "id": "MzAyOTE1N3xBUE18QVBQTElDQVRJT058NTE3Mjg1MTky",
            "ignore_case": false,
            "name": "petclinic-java",
            "serving_apm_application_id": null,
            "tag": null,
            "type": "APPLICATION"
          },
          "sensitive_attributes": []
        }
      ]
    },
    {
      "mode": "managed",
      "type": "newrelic_alert_channel",
      "name": "tf_alert_email",
      "provider": "provider[\"registry.terraform.io/newrelic/newrelic\"]",
      "instances": [
        {
          "schema_version": 0,
          "attributes": {
            "config": [
              {
                "api_key": "",
                "auth_password": "",
                "auth_type": "",
                "auth_username": "",
                "base_url": "",
                "channel": "",
                "headers": null,
                "headers_string": "",
                "include_json_attachment": "false",
                "key": "",
                "payload": null,
                "payload_string": "",
                "payload_type": "",
                "recipients": "gnarasimhadevara@newrelic.com",
                "region": "",
                "route_key": "",
                "service_key": "",
                "tags": "",
                "teams": "",
                "url": "",
                "user_id": ""
              }
            ],
            "id": "5212105",
            "name": "TF-Alerts-As-Code-Notification-Channel-Email",
            "type": "email"
          },
          "sensitive_attributes": [],
          "private": "bnVsbA=="
        }
      ]
    },
    {
      "mode": "managed",
      "type": "newrelic_alert_condition",
      "name": "tf_alert_condition_appdex",
      "provider": "provider[\"registry.terraform.io/newrelic/newrelic\"]",
      "instances": [
        {
          "schema_version": 0,
          "attributes": {
            "condition_scope": "application",
            "enabled": true,
            "entities": [
              517285192
            ],
            "gc_metric": null,
            "id": "1382982:20858402",
            "metric": "apdex",
            "name": "TF-Alerts-As-Code-Condition-Appdex",
            "policy_id": 1382982,
            "runbook_url": null,
            "term": [
              {
                "duration": 5,
                "operator": "below",
                "priority": "critical",
                "threshold": 0.75,
                "time_function": "all"
              }
            ],
            "type": "apm_app_metric",
            "user_defined_metric": null,
            "user_defined_value_function": null,
            "violation_close_timer": null
          },
          "sensitive_attributes": [],
          "private": "bnVsbA==",
          "dependencies": [
            "data.newrelic_entity.app_name",
            "newrelic_alert_policy.tf_alert_policy_as_code"
          ]
        }
      ]
    },
    {
      "mode": "managed",
      "type": "newrelic_alert_condition",
      "name": "tf_alert_condition_error_rate",
      "provider": "provider[\"registry.terraform.io/newrelic/newrelic\"]",
      "instances": [
        {
          "schema_version": 0,
          "attributes": {
            "condition_scope": "application",
            "enabled": true,
            "entities": [
              517285192
            ],
            "gc_metric": null,
            "id": "1382982:20858404",
            "metric": "error_percentage",
            "name": "TF-Alerts-As-Code-Condition-ErrorRate",
            "policy_id": 1382982,
            "runbook_url": null,
            "term": [
              {
                "duration": 5,
                "operator": "below",
                "priority": "critical",
                "threshold": 10,
                "time_function": "all"
              }
            ],
            "type": "apm_app_metric",
            "user_defined_metric": null,
            "user_defined_value_function": null,
            "violation_close_timer": null
          },
          "sensitive_attributes": [],
          "private": "bnVsbA==",
          "dependencies": [
            "data.newrelic_entity.app_name",
            "newrelic_alert_policy.tf_alert_policy_as_code"
          ]
        }
      ]
    },
    {
      "mode": "managed",
      "type": "newrelic_alert_condition",
      "name": "tf_alert_condition_latency",
      "provider": "provider[\"registry.terraform.io/newrelic/newrelic\"]",
      "instances": [
        {
          "schema_version": 0,
          "attributes": {
            "condition_scope": "application",
            "enabled": true,
            "entities": [
              517285192
            ],
            "gc_metric": null,
            "id": "1382982:20858405",
            "metric": "response_time_background",
            "name": "TF-Alerts-As-Code-Condition-Latency",
            "policy_id": 1382982,
            "runbook_url": null,
            "term": [
              {
                "duration": 5,
                "operator": "above",
                "priority": "critical",
                "threshold": 0.5,
                "time_function": "all"
              }
            ],
            "type": "apm_app_metric",
            "user_defined_metric": null,
            "user_defined_value_function": null,
            "violation_close_timer": null
          },
          "sensitive_attributes": [],
          "private": "bnVsbA==",
          "dependencies": [
            "data.newrelic_entity.app_name",
            "newrelic_alert_policy.tf_alert_policy_as_code"
          ]
        }
      ]
    },
    {
      "mode": "managed",
      "type": "newrelic_alert_condition",
      "name": "tf_alert_condition_throughput",
      "provider": "provider[\"registry.terraform.io/newrelic/newrelic\"]",
      "instances": [
        {
          "schema_version": 0,
          "attributes": {
            "condition_scope": "application",
            "enabled": true,
            "entities": [
              517285192
            ],
            "gc_metric": null,
            "id": "1382982:20858403",
            "metric": "throughput_background",
            "name": "TF-Alerts-As-Code-Condition-Throughput",
            "policy_id": 1382982,
            "runbook_url": null,
            "term": [
              {
                "duration": 5,
                "operator": "below",
                "priority": "critical",
                "threshold": 5,
                "time_function": "all"
              }
            ],
            "type": "apm_app_metric",
            "user_defined_metric": null,
            "user_defined_value_function": null,
            "violation_close_timer": null
          },
          "sensitive_attributes": [],
          "private": "bnVsbA==",
          "dependencies": [
            "data.newrelic_entity.app_name",
            "newrelic_alert_policy.tf_alert_policy_as_code"
          ]
        }
      ]
    },
    {
      "mode": "managed",
      "type": "newrelic_alert_policy",
      "name": "tf_alert_policy_as_code",
      "provider": "provider[\"registry.terraform.io/newrelic/newrelic\"]",
      "instances": [
        {
          "schema_version": 0,
          "attributes": {
            "account_id": 3029157,
            "channel_ids": null,
            "id": "1382982",
            "incident_preference": "PER_POLICY",
            "name": "TF-Alerts-As-Code-Policy"
          },
          "sensitive_attributes": [],
          "private": "bnVsbA=="
        }
      ]
    },
    {
      "mode": "managed",
      "type": "newrelic_alert_policy_channel",
      "name": "tf_alert_email",
      "provider": "provider[\"registry.terraform.io/newrelic/newrelic\"]",
      "instances": [
        {
          "schema_version": 1,
          "attributes": {
            "channel_ids": [
              5212105
            ],
            "id": "1382982:5212105",
            "policy_id": 1382982
          },
          "sensitive_attributes": [],
          "private": "eyJzY2hlbWFfdmVyc2lvbiI6IjEifQ==",
          "dependencies": [
            "newrelic_alert_channel.tf_alert_email",
            "newrelic_alert_policy.tf_alert_policy_as_code"
          ]
        }
      ]
    },
    {
      "mode": "managed",
      "type": "newrelic_infra_alert_condition",
      "name": "tf_alert_condition_infra_cpu",
      "provider": "provider[\"registry.terraform.io/newrelic/newrelic\"]",
      "instances": [
        {
          "schema_version": 0,
          "attributes": {
            "comparison": "above",
            "created_at": null,
            "critical": [
              {
                "duration": 5,
                "time_function": "all",
                "value": 90
              }
            ],
            "description": "",
            "enabled": true,
            "event": "SystemSample",
            "id": "1382982:20858406",
            "integration_provider": null,
            "name": "TF-Alerts-As-Code-Condition-CPU",
            "policy_id": 1382982,
            "process_where": null,
            "runbook_url": "",
            "select": "cpuPercent",
            "type": "infra_metric",
            "updated_at": null,
            "violation_close_timer": 24,
            "warning": [
              {
                "duration": 10,
                "time_function": "all",
                "value": 80
              }
            ],
            "where": "(hostname LIKE '%web-server%')"
          },
          "sensitive_attributes": [],
          "private": "bnVsbA==",
          "dependencies": [
            "newrelic_alert_policy.tf_alert_policy_as_code"
          ]
        }
      ]
    },
    {
      "mode": "managed",
      "type": "newrelic_infra_alert_condition",
      "name": "tf_alert_condition_infra_down",
      "provider": "provider[\"registry.terraform.io/newrelic/newrelic\"]",
      "instances": [
        {
          "schema_version": 0,
          "attributes": {
            "comparison": "",
            "created_at": null,
            "critical": [
              {
                "duration": 5,
                "time_function": "",
                "value": 0
              }
            ],
            "description": "",
            "enabled": true,
            "event": "",
            "id": "1382982:20858407",
            "integration_provider": null,
            "name": "TF-Alerts-As-Code-Condition-HostDown",
            "policy_id": 1382982,
            "process_where": null,
            "runbook_url": "",
            "select": "",
            "type": "infra_host_not_reporting",
            "updated_at": null,
            "violation_close_timer": 24,
            "warning": [],
            "where": "(hostname LIKE '%web-server%')"
          },
          "sensitive_attributes": [],
          "private": "bnVsbA==",
          "dependencies": [
            "newrelic_alert_policy.tf_alert_policy_as_code"
          ]
        }
      ]
    }
  ]
}
