{
  "version": 4,
  "terraform_version": "0.15.5",
  "serial": 40,
  "lineage": "17cdeed7-53ad-572b-b467-131ecf2cee4a",
  "outputs": {
    "dashboard_id": {
      "value": "MzAyOTE1N3xWSVp8REFTSEJPQVJEfGRhOjE2Njk3OA",
      "type": "string"
    }
  },
  "resources": [
    {
      "mode": "managed",
      "type": "newrelic_one_dashboard",
      "name": "tf_dashboard_as_code",
      "provider": "provider[\"registry.terraform.io/newrelic/newrelic\"]",
      "instances": [
        {
          "schema_version": 0,
          "attributes": {
            "account_id": 3029157,
            "description": null,
            "guid": "MzAyOTE1N3xWSVp8REFTSEJPQVJEfGRhOjE2Njk3OA",
            "id": "MzAyOTE1N3xWSVp8REFTSEJPQVJEfGRhOjE2Njk3OA",
            "name": "TF-Demo-Dashboards-As-Code",
            "page": [
              {
                "description": "",
                "guid": "MzAyOTE1N3xWSVp8REFTSEJPQVJEfDIxMTcyMTM",
                "name": "End User Experience \u0026 UpTime",
                "widget_area": [
                  {
                    "column": 1,
                    "height": 3,
                    "id": "41214469",
                    "nrql_query": [
                      {
                        "account_id": 3029157,
                        "query": "SELECT average(durationBlocked + durationConnect + durationDNS + durationWait) as 'First Byte', average(firstPaint) as 'First Paint', average(firstContentfulPaint) as 'First Contentful Paint', average(onPageLoad) as 'Page Load' FROM SyntheticRequest TIMESERIES"
                      }
                    ],
                    "row": 2,
                    "title": "End User Response Time BreakDown",
                    "width": 12
                  }
                ],
                "widget_bar": [],
                "widget_billboard": [
                  {
                    "column": 1,
                    "critical": 0,
                    "height": 3,
                    "id": "41214470",
                    "nrql_query": [
                      {
                        "account_id": 3029157,
                        "query": "SELECT average(durationBlocked + durationConnect + durationDNS + durationWait) as 'First Byte', average(firstPaint) as 'First Paint', average(firstContentfulPaint) as 'First Contentful Paint', average(onPageLoad) as 'Page Load' FROM SyntheticRequest SINCE 30 minutes ago"
                      }
                    ],
                    "row": 1,
                    "title": "End User Response Time Summary (Last 30 mins)",
                    "warning": 0,
                    "width": 9
                  },
                  {
                    "column": 10,
                    "critical": 0,
                    "height": 3,
                    "id": "41214471",
                    "nrql_query": [
                      {
                        "account_id": 3029157,
                        "query": "FROM SyntheticCheck SELECT 100-percentage(count(*), WHERE result = 'FAILED') as UpTime"
                      }
                    ],
                    "row": 1,
                    "title": "UpTime",
                    "warning": 0,
                    "width": 3
                  },
                  {
                    "column": 1,
                    "critical": 0,
                    "height": 3,
                    "id": "41225762",
                    "nrql_query": [
                      {
                        "account_id": 3029157,
                        "query": "SELECT count(*) FROM SyntheticCheck WHERE monitorId = '1f6fca46-6a21-4568-8ac7-9e0dd7600de7' and result = 'SUCCESS' FACET locationLabel"
                      }
                    ],
                    "row": 3,
                    "title": "Success Count",
                    "warning": 0,
                    "width": 5
                  },
                  {
                    "column": 6,
                    "critical": 5,
                    "height": 3,
                    "id": "41225763",
                    "nrql_query": [
                      {
                        "account_id": 3029157,
                        "query": "SELECT count(*) FROM SyntheticCheck WHERE monitorId = '1f6fca46-6a21-4568-8ac7-9e0dd7600de7' and result = 'FAILED' FACET locationLabel"
                      }
                    ],
                    "row": 3,
                    "title": "Failure Count",
                    "warning": 2,
                    "width": 5
                  }
                ],
                "widget_bullet": [],
                "widget_funnel": [],
                "widget_heatmap": [],
                "widget_histogram": [],
                "widget_json": [],
                "widget_line": [],
                "widget_markdown": [
                  {
                    "column": 11,
                    "height": 3,
                    "id": "41214472",
                    "row": 3,
                    "text": "### Helpful Links\n\n* [New Relic One](https://one.newrelic.com)\n* [Developer Portal](https://developer.newrelic.com)",
                    "title": "Dashboard Note",
                    "width": 2
                  }
                ],
                "widget_pie": [],
                "widget_table": []
              },
              {
                "description": "",
                "guid": "MzAyOTE1N3xWSVp8REFTSEJPQVJEfDIxMTcyMTQ",
                "name": "App Performance (Service Level)",
                "widget_area": [
                  {
                    "column": 1,
                    "height": 3,
                    "id": "41214473",
                    "nrql_query": [
                      {
                        "account_id": 3029157,
                        "query": "SELECT average(duration) from Transaction FACET name TIMESERIES 1 minute"
                      }
                    ],
                    "row": 1,
                    "title": "Transaction Response Time by Transaction",
                    "width": 6
                  },
                  {
                    "column": 7,
                    "height": 3,
                    "id": "41214474",
                    "nrql_query": [
                      {
                        "account_id": 3029157,
                        "query": "SELECT count(*) FROM Transaction FACET name TIMESERIES 1 minute"
                      }
                    ],
                    "row": 1,
                    "title": "Throughput Per Hour by Transaction",
                    "width": 6
                  },
                  {
                    "column": 1,
                    "height": 3,
                    "id": "41214475",
                    "nrql_query": [
                      {
                        "account_id": 3029157,
                        "query": "SELECT percentage(count(*), WHERE error is true) FROM Transaction FACET name TIMESERIES 1 minute"
                      }
                    ],
                    "row": 2,
                    "title": "Error by Transaction",
                    "width": 6
                  }
                ],
                "widget_bar": [],
                "widget_billboard": [],
                "widget_bullet": [],
                "widget_funnel": [],
                "widget_heatmap": [],
                "widget_histogram": [],
                "widget_json": [],
                "widget_line": [],
                "widget_markdown": [],
                "widget_pie": [
                  {
                    "column": 7,
                    "height": 3,
                    "id": "41214476",
                    "linked_entity_guids": [],
                    "nrql_query": [
                      {
                        "account_id": 3029157,
                        "query": "FROM Transaction SELECT rate(count(*), 1 minute) FACET name"
                      }
                    ],
                    "row": 2,
                    "title": "Requests per minute, by Transaction",
                    "width": 6
                  }
                ],
                "widget_table": []
              }
            ],
            "permalink": "https://one.newrelic.com/redirect/entity/MzAyOTE1N3xWSVp8REFTSEJPQVJEfGRhOjE2Njk3OA",
            "permissions": "public_read_only"
          },
          "sensitive_attributes": [],
          "private": "bnVsbA=="
        }
      ]
    }
  ]
}
